Microsoft Visual Studio Solution File, Format Version 8.00
Project("{8BC9CEB8-8B4A-11D0-8D11-00A0C91BC942}") = "libeui", "libeui.vcproj", "{A9F3EC15-16E9-4696-B451-B590399EDF5B}"
	ProjectSection(ProjectDependencies) = postProject
	EndProjectSection
EndProject
Global
	GlobalSection(SolutionConfiguration) = preSolution
		Debug = Debug
		Release = Release
	EndGlobalSection
	GlobalSection(ProjectConfiguration) = postSolution
		{A9F3EC15-16E9-4696-B451-B590399EDF5B}.Debug.ActiveCfg = Debug|Win32
		{A9F3EC15-16E9-4696-B451-B590399EDF5B}.Debug.Build.0 = Debug|Win32
		{A9F3EC15-16E9-4696-B451-B590399EDF5B}.Release.ActiveCfg = Release|Win32
		{A9F3EC15-16E9-4696-B451-B590399EDF5B}.Release.Build.0 = Release|Win32
	EndGlobalSection
	GlobalSection(ExtensibilityGlobals) = postSolution
	EndGlobalSection
	GlobalSection(ExtensibilityAddIns) = postSolution
	EndGlobalSection
EndGlobal
